
Microsoft Visual Studio Solution File, Format Version 12.00
# Visual Studio Version 17
Project("{8BC9CEB8-8B4A-11D0-8D11-00A0C91BC942}") = "ALL_BUILD", "ALL_BUILD.vcxproj", "{0FBA6597-85F7-3E88-BE22-8FF1B4224F11}"
	ProjectSection(ProjectDependencies) = postProject
		{DD41C99C-5139-3FC3-8CA9-46396287748C} = {DD41C99C-5139-3FC3-8CA9-46396287748C}
		{42DB3F1E-DAE6-3C6A-8872-53F86B7CA2CD} = {42DB3F1E-DAE6-3C6A-8872-53F86B7CA2CD}
	EndProjectSection
EndProject
Project("{8BC9CEB8-8B4A-11D0-8D11-00A0C91BC942}") = "DISTURBANCE", "..\Disturbance\DISTURBANCE.vcxproj", "{DD41C99C-5139-3FC3-8CA9-46396287748C}"
	ProjectSection(ProjectDependencies) = postProject
		{44048987-A63B-3C1F-8908-9D368BCB2040} = {44048987-A63B-3C1F-8908-9D368BCB2040}
	EndProjectSection
EndProject
Project("{8BC9CEB8-8B4A-11D0-8D11-00A0C91BC942}") = "DYNAMICS", "DYNAMICS.vcxproj", "{44048987-A63B-3C1F-8908-9D368BCB2040}"
	ProjectSection(ProjectDependencies) = postProject
		{CF2BED8C-34D8-3773-B961-8B8AE2F7FB32} = {CF2BED8C-34D8-3773-B961-8B8AE2F7FB32}
	EndProjectSection
EndProject
Project("{8BC9CEB8-8B4A-11D0-8D11-00A0C91BC942}") = "GEODESY", "..\Geodesy\GEODESY.vcxproj", "{70D04178-AD77-3A05-9124-533780169220}"
	ProjectSection(ProjectDependencies) = postProject
		{42DB3F1E-DAE6-3C6A-8872-53F86B7CA2CD} = {42DB3F1E-DAE6-3C6A-8872-53F86B7CA2CD}
	EndProjectSection
EndProject
Project("{8BC9CEB8-8B4A-11D0-8D11-00A0C91BC942}") = "GLOBAL_ENVIRONMENT", "..\Environment\Global\GLOBAL_ENVIRONMENT.vcxproj", "{331A53AD-9A29-3A47-8C28-42B73A961249}"
	ProjectSection(ProjectDependencies) = postProject
		{70D04178-AD77-3A05-9124-533780169220} = {70D04178-AD77-3A05-9124-533780169220}
		{50A06C4F-8A35-341B-AAE1-011D0BB657B4} = {50A06C4F-8A35-341B-AAE1-011D0BB657B4}
		{99900AE2-4A22-34DD-861D-21E952805BC1} = {99900AE2-4A22-34DD-861D-21E952805BC1}
		{B41F3F2D-88E3-3920-9138-BFA00B8D0BCB} = {B41F3F2D-88E3-3920-9138-BFA00B8D0BCB}
		{2D03581D-72EF-312F-8CE7-29F05F8F63D8} = {2D03581D-72EF-312F-8CE7-29F05F8F63D8}
		{52B54D33-837A-3E22-B258-697741ED1EF1} = {52B54D33-837A-3E22-B258-697741ED1EF1}
		{613CFA5D-4E89-3501-8E73-3CF26BDB3505} = {613CFA5D-4E89-3501-8E73-3CF26BDB3505}
		{796F237F-F3D5-387A-974E-7BCEFAC596F9} = {796F237F-F3D5-387A-974E-7BCEFAC596F9}
		{F3BC0DD7-6A30-3142-963C-03F95E6ABCB4} = {F3BC0DD7-6A30-3142-963C-03F95E6ABCB4}
		{18667206-A3B7-314C-9160-DC1950D675B7} = {18667206-A3B7-314C-9160-DC1950D675B7}
		{42DB3F1E-DAE6-3C6A-8872-53F86B7CA2CD} = {42DB3F1E-DAE6-3C6A-8872-53F86B7CA2CD}
	EndProjectSection
EndProject
Project("{8BC9CEB8-8B4A-11D0-8D11-00A0C91BC942}") = "IGRF", "..\igrf\IGRF.vcxproj", "{50A06C4F-8A35-341B-AAE1-011D0BB657B4}"
	ProjectSection(ProjectDependencies) = postProject
		{42DB3F1E-DAE6-3C6A-8872-53F86B7CA2CD} = {42DB3F1E-DAE6-3C6A-8872-53F86B7CA2CD}
	EndProjectSection
EndProject
Project("{8BC9CEB8-8B4A-11D0-8D11-00A0C91BC942}") = "INIH", "..\inih\INIH.vcxproj", "{99900AE2-4A22-34DD-861D-21E952805BC1}"
	ProjectSection(ProjectDependencies) = postProject
		{42DB3F1E-DAE6-3C6A-8872-53F86B7CA2CD} = {42DB3F1E-DAE6-3C6A-8872-53F86B7CA2CD}
	EndProjectSection
EndProject
Project("{8BC9CEB8-8B4A-11D0-8D11-00A0C91BC942}") = "LOCAL_ENVIRONMENT", "..\Environment\Local\LOCAL_ENVIRONMENT.vcxproj", "{6B6C8AF6-F64A-33ED-886B-70C2E1786340}"
	ProjectSection(ProjectDependencies) = postProject
		{70D04178-AD77-3A05-9124-533780169220} = {70D04178-AD77-3A05-9124-533780169220}
		{331A53AD-9A29-3A47-8C28-42B73A961249} = {331A53AD-9A29-3A47-8C28-42B73A961249}
		{50A06C4F-8A35-341B-AAE1-011D0BB657B4} = {50A06C4F-8A35-341B-AAE1-011D0BB657B4}
		{99900AE2-4A22-34DD-861D-21E952805BC1} = {99900AE2-4A22-34DD-861D-21E952805BC1}
		{B41F3F2D-88E3-3920-9138-BFA00B8D0BCB} = {B41F3F2D-88E3-3920-9138-BFA00B8D0BCB}
		{2D03581D-72EF-312F-8CE7-29F05F8F63D8} = {2D03581D-72EF-312F-8CE7-29F05F8F63D8}
		{52B54D33-837A-3E22-B258-697741ED1EF1} = {52B54D33-837A-3E22-B258-697741ED1EF1}
		{613CFA5D-4E89-3501-8E73-3CF26BDB3505} = {613CFA5D-4E89-3501-8E73-3CF26BDB3505}
		{796F237F-F3D5-387A-974E-7BCEFAC596F9} = {796F237F-F3D5-387A-974E-7BCEFAC596F9}
		{F3BC0DD7-6A30-3142-963C-03F95E6ABCB4} = {F3BC0DD7-6A30-3142-963C-03F95E6ABCB4}
		{18667206-A3B7-314C-9160-DC1950D675B7} = {18667206-A3B7-314C-9160-DC1950D675B7}
		{42DB3F1E-DAE6-3C6A-8872-53F86B7CA2CD} = {42DB3F1E-DAE6-3C6A-8872-53F86B7CA2CD}
	EndProjectSection
EndProject
Project("{8BC9CEB8-8B4A-11D0-8D11-00A0C91BC942}") = "MATH", "..\math\MATH.vcxproj", "{B41F3F2D-88E3-3920-9138-BFA00B8D0BCB}"
	ProjectSection(ProjectDependencies) = postProject
		{42DB3F1E-DAE6-3C6A-8872-53F86B7CA2CD} = {42DB3F1E-DAE6-3C6A-8872-53F86B7CA2CD}
	EndProjectSection
EndProject
Project("{8BC9CEB8-8B4A-11D0-8D11-00A0C91BC942}") = "OPTICS", "..\optics\OPTICS.vcxproj", "{2D03581D-72EF-312F-8CE7-29F05F8F63D8}"
	ProjectSection(ProjectDependencies) = postProject
		{42DB3F1E-DAE6-3C6A-8872-53F86B7CA2CD} = {42DB3F1E-DAE6-3C6A-8872-53F86B7CA2CD}
	EndProjectSection
EndProject
Project("{8BC9CEB8-8B4A-11D0-8D11-00A0C91BC942}") = "ORBIT_MODELS", "..\Orbit\ORBIT_MODELS.vcxproj", "{52B54D33-837A-3E22-B258-697741ED1EF1}"
	ProjectSection(ProjectDependencies) = postProject
		{42DB3F1E-DAE6-3C6A-8872-53F86B7CA2CD} = {42DB3F1E-DAE6-3C6A-8872-53F86B7CA2CD}
	EndProjectSection
EndProject
Project("{8BC9CEB8-8B4A-11D0-8D11-00A0C91BC942}") = "RELATIVE_ORBIT_MODELS", "..\RelativeOrbit\RELATIVE_ORBIT_MODELS.vcxproj", "{613CFA5D-4E89-3501-8E73-3CF26BDB3505}"
	ProjectSection(ProjectDependencies) = postProject
		{42DB3F1E-DAE6-3C6A-8872-53F86B7CA2CD} = {42DB3F1E-DAE6-3C6A-8872-53F86B7CA2CD}
	EndProjectSection
EndProject
Project("{8BC9CEB8-8B4A-11D0-8D11-00A0C91BC942}") = "SGP4", "..\sgp4\SGP4.vcxproj", "{796F237F-F3D5-387A-974E-7BCEFAC596F9}"
	ProjectSection(ProjectDependencies) = postProject
		{42DB3F1E-DAE6-3C6A-8872-53F86B7CA2CD} = {42DB3F1E-DAE6-3C6A-8872-53F86B7CA2CD}
	EndProjectSection
EndProject
Project("{8BC9CEB8-8B4A-11D0-8D11-00A0C91BC942}") = "SIMULATION", "..\Simulation\SIMULATION.vcxproj", "{CF2BED8C-34D8-3773-B961-8B8AE2F7FB32}"
	ProjectSection(ProjectDependencies) = postProject
		{70D04178-AD77-3A05-9124-533780169220} = {70D04178-AD77-3A05-9124-533780169220}
		{331A53AD-9A29-3A47-8C28-42B73A961249} = {331A53AD-9A29-3A47-8C28-42B73A961249}
		{50A06C4F-8A35-341B-AAE1-011D0BB657B4} = {50A06C4F-8A35-341B-AAE1-011D0BB657B4}
		{99900AE2-4A22-34DD-861D-21E952805BC1} = {99900AE2-4A22-34DD-861D-21E952805BC1}
		{6B6C8AF6-F64A-33ED-886B-70C2E1786340} = {6B6C8AF6-F64A-33ED-886B-70C2E1786340}
		{B41F3F2D-88E3-3920-9138-BFA00B8D0BCB} = {B41F3F2D-88E3-3920-9138-BFA00B8D0BCB}
		{2D03581D-72EF-312F-8CE7-29F05F8F63D8} = {2D03581D-72EF-312F-8CE7-29F05F8F63D8}
		{52B54D33-837A-3E22-B258-697741ED1EF1} = {52B54D33-837A-3E22-B258-697741ED1EF1}
		{613CFA5D-4E89-3501-8E73-3CF26BDB3505} = {613CFA5D-4E89-3501-8E73-3CF26BDB3505}
		{796F237F-F3D5-387A-974E-7BCEFAC596F9} = {796F237F-F3D5-387A-974E-7BCEFAC596F9}
		{F3BC0DD7-6A30-3142-963C-03F95E6ABCB4} = {F3BC0DD7-6A30-3142-963C-03F95E6ABCB4}
		{18667206-A3B7-314C-9160-DC1950D675B7} = {18667206-A3B7-314C-9160-DC1950D675B7}
		{42DB3F1E-DAE6-3C6A-8872-53F86B7CA2CD} = {42DB3F1E-DAE6-3C6A-8872-53F86B7CA2CD}
	EndProjectSection
EndProject
Project("{8BC9CEB8-8B4A-11D0-8D11-00A0C91BC942}") = "UTIL", "..\utils\UTIL.vcxproj", "{F3BC0DD7-6A30-3142-963C-03F95E6ABCB4}"
	ProjectSection(ProjectDependencies) = postProject
		{42DB3F1E-DAE6-3C6A-8872-53F86B7CA2CD} = {42DB3F1E-DAE6-3C6A-8872-53F86B7CA2CD}
	EndProjectSection
EndProject
Project("{8BC9CEB8-8B4A-11D0-8D11-00A0C91BC942}") = "WRAPPER_NRLMSISE00", "..\nrlmsise00\WRAPPER_NRLMSISE00.vcxproj", "{18667206-A3B7-314C-9160-DC1950D675B7}"
	ProjectSection(ProjectDependencies) = postProject
		{42DB3F1E-DAE6-3C6A-8872-53F86B7CA2CD} = {42DB3F1E-DAE6-3C6A-8872-53F86B7CA2CD}
	EndProjectSection
EndProject
Project("{8BC9CEB8-8B4A-11D0-8D11-00A0C91BC942}") = "ZERO_CHECK", "..\..\\ZERO_CHECK.vcxproj", "{42DB3F1E-DAE6-3C6A-8872-53F86B7CA2CD}"
	ProjectSection(ProjectDependencies) = postProject
	EndProjectSection
EndProject
Global
	GlobalSection(SolutionConfigurationPlatforms) = preSolution
		Debug|Win32 = Debug|Win32
	EndGlobalSection
	GlobalSection(ProjectConfigurationPlatforms) = postSolution
		{0FBA6597-85F7-3E88-BE22-8FF1B4224F11}.Debug|Win32.ActiveCfg = Debug|Win32
		{DD41C99C-5139-3FC3-8CA9-46396287748C}.Debug|Win32.ActiveCfg = Debug|Win32
		{DD41C99C-5139-3FC3-8CA9-46396287748C}.Debug|Win32.Build.0 = Debug|Win32
		{44048987-A63B-3C1F-8908-9D368BCB2040}.Debug|Win32.ActiveCfg = Debug|Win32
		{44048987-A63B-3C1F-8908-9D368BCB2040}.Debug|Win32.Build.0 = Debug|Win32
		{70D04178-AD77-3A05-9124-533780169220}.Debug|Win32.ActiveCfg = Debug|Win32
		{70D04178-AD77-3A05-9124-533780169220}.Debug|Win32.Build.0 = Debug|Win32
		{331A53AD-9A29-3A47-8C28-42B73A961249}.Debug|Win32.ActiveCfg = Debug|Win32
		{331A53AD-9A29-3A47-8C28-42B73A961249}.Debug|Win32.Build.0 = Debug|Win32
		{50A06C4F-8A35-341B-AAE1-011D0BB657B4}.Debug|Win32.ActiveCfg = Debug|Win32
		{50A06C4F-8A35-341B-AAE1-011D0BB657B4}.Debug|Win32.Build.0 = Debug|Win32
		{99900AE2-4A22-34DD-861D-21E952805BC1}.Debug|Win32.ActiveCfg = Debug|Win32
		{99900AE2-4A22-34DD-861D-21E952805BC1}.Debug|Win32.Build.0 = Debug|Win32
		{6B6C8AF6-F64A-33ED-886B-70C2E1786340}.Debug|Win32.ActiveCfg = Debug|Win32
		{6B6C8AF6-F64A-33ED-886B-70C2E1786340}.Debug|Win32.Build.0 = Debug|Win32
		{B41F3F2D-88E3-3920-9138-BFA00B8D0BCB}.Debug|Win32.ActiveCfg = Debug|Win32
		{B41F3F2D-88E3-3920-9138-BFA00B8D0BCB}.Debug|Win32.Build.0 = Debug|Win32
		{2D03581D-72EF-312F-8CE7-29F05F8F63D8}.Debug|Win32.ActiveCfg = Debug|Win32
		{2D03581D-72EF-312F-8CE7-29F05F8F63D8}.Debug|Win32.Build.0 = Debug|Win32
		{52B54D33-837A-3E22-B258-697741ED1EF1}.Debug|Win32.ActiveCfg = Debug|Win32
		{52B54D33-837A-3E22-B258-697741ED1EF1}.Debug|Win32.Build.0 = Debug|Win32
		{613CFA5D-4E89-3501-8E73-3CF26BDB3505}.Debug|Win32.ActiveCfg = Debug|Win32
		{613CFA5D-4E89-3501-8E73-3CF26BDB3505}.Debug|Win32.Build.0 = Debug|Win32
		{796F237F-F3D5-387A-974E-7BCEFAC596F9}.Debug|Win32.ActiveCfg = Debug|Win32
		{796F237F-F3D5-387A-974E-7BCEFAC596F9}.Debug|Win32.Build.0 = Debug|Win32
		{CF2BED8C-34D8-3773-B961-8B8AE2F7FB32}.Debug|Win32.ActiveCfg = Debug|Win32
		{CF2BED8C-34D8-3773-B961-8B8AE2F7FB32}.Debug|Win32.Build.0 = Debug|Win32
		{F3BC0DD7-6A30-3142-963C-03F95E6ABCB4}.Debug|Win32.ActiveCfg = Debug|Win32
		{F3BC0DD7-6A30-3142-963C-03F95E6ABCB4}.Debug|Win32.Build.0 = Debug|Win32
		{18667206-A3B7-314C-9160-DC1950D675B7}.Debug|Win32.ActiveCfg = Debug|Win32
		{18667206-A3B7-314C-9160-DC1950D675B7}.Debug|Win32.Build.0 = Debug|Win32
		{42DB3F1E-DAE6-3C6A-8872-53F86B7CA2CD}.Debug|Win32.ActiveCfg = Debug|Win32
		{42DB3F1E-DAE6-3C6A-8872-53F86B7CA2CD}.Debug|Win32.Build.0 = Debug|Win32
	EndGlobalSection
	GlobalSection(ExtensibilityGlobals) = postSolution
		SolutionGuid = {5F3D4163-940E-3A5D-A024-62BB93B14529}
	EndGlobalSection
	GlobalSection(ExtensibilityAddIns) = postSolution
	EndGlobalSection
EndGlobal
