<?xml version="1.0" encoding="utf-8"?>
<Project ToolsVersion="17.0" xmlns="http://schemas.microsoft.com/developer/msbuild/2003">
  <ItemGroup>
    <ClCompile Include="C:\Users\nakam\Desktop\WorkSpace\s2e-core\src\RelativeInformation\RelativeInformation.cpp">
      <Filter>Source Files</Filter>
    </ClCompile>
  </ItemGroup>
  <ItemGroup>
    <CustomBuild Include="C:\Users\nakam\Desktop\WorkSpace\s2e-core\src\RelativeInformation\CMakeLists.txt" />
  </ItemGroup>
  <ItemGroup>
    <Filter Include="Source Files">
      <UniqueIdentifier>{8FF7101B-649E-34A0-822F-D9E0C7F02DA3}</UniqueIdentifier>
    </Filter>
  </ItemGroup>
</Project>
