
Microsoft Visual Studio Solution File, Format Version 12.00
# Visual Studio Version 17
Project("{8BC9CEB8-8B4A-11D0-8D11-00A0C91BC942}") = "ALL_BUILD", "ALL_BUILD.vcxproj", "{0FBA6597-85F7-3E88-BE22-8FF1B4224F11}"
	ProjectSection(ProjectDependencies) = postProject
		{491DBB15-470C-3C64-9C03-500F845B6B24} = {491DBB15-470C-3C64-9C03-500F845B6B24}
		{42DB3F1E-DAE6-3C6A-8872-53F86B7CA2CD} = {42DB3F1E-DAE6-3C6A-8872-53F86B7CA2CD}
	EndProjectSection
EndProject
Project("{8BC9CEB8-8B4A-11D0-8D11-00A0C91BC942}") = "RELATIVE_INFO", "RELATIVE_INFO.vcxproj", "{491DBB15-470C-3C64-9C03-500F845B6B24}"
	ProjectSection(ProjectDependencies) = postProject
		{42DB3F1E-DAE6-3C6A-8872-53F86B7CA2CD} = {42DB3F1E-DAE6-3C6A-8872-53F86B7CA2CD}
	EndProjectSection
EndProject
Project("{8BC9CEB8-8B4A-11D0-8D11-00A0C91BC942}") = "ZERO_CHECK", "..\..\\ZERO_CHECK.vcxproj", "{42DB3F1E-DAE6-3C6A-8872-53F86B7CA2CD}"
	ProjectSection(ProjectDependencies) = postProject
	EndProjectSection
EndProject
Global
	GlobalSection(SolutionConfigurationPlatforms) = preSolution
		Debug|Win32 = Debug|Win32
	EndGlobalSection
	GlobalSection(ProjectConfigurationPlatforms) = postSolution
		{0FBA6597-85F7-3E88-BE22-8FF1B4224F11}.Debug|Win32.ActiveCfg = Debug|Win32
		{491DBB15-470C-3C64-9C03-500F845B6B24}.Debug|Win32.ActiveCfg = Debug|Win32
		{491DBB15-470C-3C64-9C03-500F845B6B24}.Debug|Win32.Build.0 = Debug|Win32
		{42DB3F1E-DAE6-3C6A-8872-53F86B7CA2CD}.Debug|Win32.ActiveCfg = Debug|Win32
		{42DB3F1E-DAE6-3C6A-8872-53F86B7CA2CD}.Debug|Win32.Build.0 = Debug|Win32
	EndGlobalSection
	GlobalSection(ExtensibilityGlobals) = postSolution
		SolutionGuid = {00343E92-0B73-3781-AE11-2FE8C966A454}
	EndGlobalSection
	GlobalSection(ExtensibilityAddIns) = postSolution
	EndGlobalSection
EndGlobal
