
Microsoft Visual Studio Solution File, Format Version 12.00
# Visual Studio Version 17
Project("{8BC9CEB8-8B4A-11D0-8D11-00A0C91BC942}") = "ALL_BUILD", "ALL_BUILD.vcxproj", "{0FBA6597-85F7-3E88-BE22-8FF1B4224F11}"
	ProjectSection(ProjectDependencies) = postProject
		{613CFA5D-4E89-3501-8E73-3CF26BDB3505} = {613CFA5D-4E89-3501-8E73-3CF26BDB3505}
		{42DB3F1E-DAE6-3C6A-8872-53F86B7CA2CD} = {42DB3F1E-DAE6-3C6A-8872-53F86B7CA2CD}
	EndProjectSection
EndProject
Project("{8BC9CEB8-8B4A-11D0-8D11-00A0C91BC942}") = "RELATIVE_ORBIT_MODELS", "RELATIVE_ORBIT_MODELS.vcxproj", "{613CFA5D-4E89-3501-8E73-3CF26BDB3505}"
	ProjectSection(ProjectDependencies) = postProject
		{42DB3F1E-DAE6-3C6A-8872-53F86B7CA2CD} = {42DB3F1E-DAE6-3C6A-8872-53F86B7CA2CD}
	EndProjectSection
EndProject
Project("{8BC9CEB8-8B4A-11D0-8D11-00A0C91BC942}") = "ZERO_CHECK", "..\..\\ZERO_CHECK.vcxproj", "{42DB3F1E-DAE6-3C6A-8872-53F86B7CA2CD}"
	ProjectSection(ProjectDependencies) = postProject
	EndProjectSection
EndProject
Global
	GlobalSection(SolutionConfigurationPlatforms) = preSolution
		Debug|Win32 = Debug|Win32
	EndGlobalSection
	GlobalSection(ProjectConfigurationPlatforms) = postSolution
		{0FBA6597-85F7-3E88-BE22-8FF1B4224F11}.Debug|Win32.ActiveCfg = Debug|Win32
		{613CFA5D-4E89-3501-8E73-3CF26BDB3505}.Debug|Win32.ActiveCfg = Debug|Win32
		{613CFA5D-4E89-3501-8E73-3CF26BDB3505}.Debug|Win32.Build.0 = Debug|Win32
		{42DB3F1E-DAE6-3C6A-8872-53F86B7CA2CD}.Debug|Win32.ActiveCfg = Debug|Win32
		{42DB3F1E-DAE6-3C6A-8872-53F86B7CA2CD}.Debug|Win32.Build.0 = Debug|Win32
	EndGlobalSection
	GlobalSection(ExtensibilityGlobals) = postSolution
		SolutionGuid = {D81EF93A-7065-3129-8489-2CB26A02C8CB}
	EndGlobalSection
	GlobalSection(ExtensibilityAddIns) = postSolution
	EndGlobalSection
EndGlobal
