
Microsoft Visual Studio Solution File, Format Version 12.00
# Visual Studio Version 17
Project("{8BC9CEB8-8B4A-11D0-8D11-00A0C91BC942}") = "ALL_BUILD", "ALL_BUILD.vcxproj", "{0FBA6597-85F7-3E88-BE22-8FF1B4224F11}"
	ProjectSection(ProjectDependencies) = postProject
		{B41F3F2D-88E3-3920-9138-BFA00B8D0BCB} = {B41F3F2D-88E3-3920-9138-BFA00B8D0BCB}
		{42DB3F1E-DAE6-3C6A-8872-53F86B7CA2CD} = {42DB3F1E-DAE6-3C6A-8872-53F86B7CA2CD}
	EndProjectSection
EndProject
Project("{8BC9CEB8-8B4A-11D0-8D11-00A0C91BC942}") = "MATH", "MATH.vcxproj", "{B41F3F2D-88E3-3920-9138-BFA00B8D0BCB}"
	ProjectSection(ProjectDependencies) = postProject
		{42DB3F1E-DAE6-3C6A-8872-53F86B7CA2CD} = {42DB3F1E-DAE6-3C6A-8872-53F86B7CA2CD}
	EndProjectSection
EndProject
Project("{8BC9CEB8-8B4A-11D0-8D11-00A0C91BC942}") = "ZERO_CHECK", "..\..\\ZERO_CHECK.vcxproj", "{42DB3F1E-DAE6-3C6A-8872-53F86B7CA2CD}"
	ProjectSection(ProjectDependencies) = postProject
	EndProjectSection
EndProject
Global
	GlobalSection(SolutionConfigurationPlatforms) = preSolution
		Debug|Win32 = Debug|Win32
	EndGlobalSection
	GlobalSection(ProjectConfigurationPlatforms) = postSolution
		{0FBA6597-85F7-3E88-BE22-8FF1B4224F11}.Debug|Win32.ActiveCfg = Debug|Win32
		{B41F3F2D-88E3-3920-9138-BFA00B8D0BCB}.Debug|Win32.ActiveCfg = Debug|Win32
		{B41F3F2D-88E3-3920-9138-BFA00B8D0BCB}.Debug|Win32.Build.0 = Debug|Win32
		{42DB3F1E-DAE6-3C6A-8872-53F86B7CA2CD}.Debug|Win32.ActiveCfg = Debug|Win32
		{42DB3F1E-DAE6-3C6A-8872-53F86B7CA2CD}.Debug|Win32.Build.0 = Debug|Win32
	EndGlobalSection
	GlobalSection(ExtensibilityGlobals) = postSolution
		SolutionGuid = {53EF13BA-1F53-3F57-A74E-755F76C200CC}
	EndGlobalSection
	GlobalSection(ExtensibilityAddIns) = postSolution
	EndGlobalSection
EndGlobal
